
Microsoft Visual Studio Solution File, Format Version 12.00
# Visual Studio 2013
VisualStudioVersion = 12.0.31101.0
MinimumVisualStudioVersion = 10.0.40219.1
Project("{CC5FD16D-436D-48AD-A40C-5A424C6E3E79}") = "Azure Group Project", "Azure Group Project\Azure Group Project.ccproj", "{EADB2E4C-2AB5-45F9-B6FE-20E4B48D50A1}"
	ProjectSection(ProjectDependencies) = postProject
		{61152AD4-DD62-4F8A-A584-29D97992E85D} = {61152AD4-DD62-4F8A-A584-29D97992E85D}
	EndProjectSection
EndProject
Project("{FAE04EC0-301F-11D3-BF4B-00C04F79EFBC}") = "GroupProjectWeb", "WebRole1\GroupProjectWeb.csproj", "{8BF29D72-C5ED-4077-921D-8662311B7B0E}"
EndProject
Project("{FAE04EC0-301F-11D3-BF4B-00C04F79EFBC}") = "GroupProjectWorker", "WorkerRoleWithSBQueue1\GroupProjectWorker.csproj", "{7D48DD7B-1CC8-41E2-8B9E-37736E7C44C4}"
EndProject
Project("{FAE04EC0-301F-11D3-BF4B-00C04F79EFBC}") = "Common", "Common\Common.csproj", "{61152AD4-DD62-4F8A-A584-29D97992E85D}"
EndProject
Project("{FAE04EC0-301F-11D3-BF4B-00C04F79EFBC}") = "Domain", "Domain\Domain.csproj", "{4FFE4619-CBBD-4C97-9CEF-B47ABC7C68DF}"
EndProject
Global
	GlobalSection(SolutionConfigurationPlatforms) = preSolution
		Debug|Any CPU = Debug|Any CPU
		Release|Any CPU = Release|Any CPU
	EndGlobalSection
	GlobalSection(ProjectConfigurationPlatforms) = postSolution
		{EADB2E4C-2AB5-45F9-B6FE-20E4B48D50A1}.Debug|Any CPU.ActiveCfg = Debug|Any CPU
		{EADB2E4C-2AB5-45F9-B6FE-20E4B48D50A1}.Debug|Any CPU.Build.0 = Debug|Any CPU
		{EADB2E4C-2AB5-45F9-B6FE-20E4B48D50A1}.Release|Any CPU.ActiveCfg = Release|Any CPU
		{EADB2E4C-2AB5-45F9-B6FE-20E4B48D50A1}.Release|Any CPU.Build.0 = Release|Any CPU
		{8BF29D72-C5ED-4077-921D-8662311B7B0E}.Debug|Any CPU.ActiveCfg = Debug|Any CPU
		{8BF29D72-C5ED-4077-921D-8662311B7B0E}.Debug|Any CPU.Build.0 = Debug|Any CPU
		{8BF29D72-C5ED-4077-921D-8662311B7B0E}.Release|Any CPU.ActiveCfg = Release|Any CPU
		{8BF29D72-C5ED-4077-921D-8662311B7B0E}.Release|Any CPU.Build.0 = Release|Any CPU
		{7D48DD7B-1CC8-41E2-8B9E-37736E7C44C4}.Debug|Any CPU.ActiveCfg = Debug|Any CPU
		{7D48DD7B-1CC8-41E2-8B9E-37736E7C44C4}.Debug|Any CPU.Build.0 = Debug|Any CPU
		{7D48DD7B-1CC8-41E2-8B9E-37736E7C44C4}.Release|Any CPU.ActiveCfg = Release|Any CPU
		{7D48DD7B-1CC8-41E2-8B9E-37736E7C44C4}.Release|Any CPU.Build.0 = Release|Any CPU
		{61152AD4-DD62-4F8A-A584-29D97992E85D}.Debug|Any CPU.ActiveCfg = Debug|Any CPU
		{61152AD4-DD62-4F8A-A584-29D97992E85D}.Debug|Any CPU.Build.0 = Debug|Any CPU
		{61152AD4-DD62-4F8A-A584-29D97992E85D}.Release|Any CPU.ActiveCfg = Release|Any CPU
		{61152AD4-DD62-4F8A-A584-29D97992E85D}.Release|Any CPU.Build.0 = Release|Any CPU
		{4FFE4619-CBBD-4C97-9CEF-B47ABC7C68DF}.Debug|Any CPU.ActiveCfg = Debug|Any CPU
		{4FFE4619-CBBD-4C97-9CEF-B47ABC7C68DF}.Debug|Any CPU.Build.0 = Debug|Any CPU
		{4FFE4619-CBBD-4C97-9CEF-B47ABC7C68DF}.Release|Any CPU.ActiveCfg = Release|Any CPU
		{4FFE4619-CBBD-4C97-9CEF-B47ABC7C68DF}.Release|Any CPU.Build.0 = Release|Any CPU
	EndGlobalSection
	GlobalSection(SolutionProperties) = preSolution
		HideSolutionNode = FALSE
	EndGlobalSection
EndGlobal
